
Microsoft Visual Studio Solution File, Format Version 12.00
# Visual Studio Version 16
VisualStudioVersion = 16.0.31911.196
MinimumVisualStudioVersion = 10.0.40219.1
Project("{8BC9CEB8-8B4A-11D0-8D11-00A0C91BC942}") = "CS201Wk3b", "CS201Wk3b\CS201Wk3b.vcxproj", "{BE1D1CAE-4089-4411-B851-2F5B5861F935}"
EndProject
Global
	GlobalSection(SolutionConfigurationPlatforms) = preSolution
		Debug|x64 = Debug|x64
		Debug|x86 = Debug|x86
		Release|x64 = Release|x64
		Release|x86 = Release|x86
	EndGlobalSection
	GlobalSection(ProjectConfigurationPlatforms) = postSolution
		{BE1D1CAE-4089-4411-B851-2F5B5861F935}.Debug|x64.ActiveCfg = Debug|x64
		{BE1D1CAE-4089-4411-B851-2F5B5861F935}.Debug|x64.Build.0 = Debug|x64
		{BE1D1CAE-4089-4411-B851-2F5B5861F935}.Debug|x86.ActiveCfg = Debug|Win32
		{BE1D1CAE-4089-4411-B851-2F5B5861F935}.Debug|x86.Build.0 = Debug|Win32
		{BE1D1CAE-4089-4411-B851-2F5B5861F935}.Release|x64.ActiveCfg = Release|x64
		{BE1D1CAE-4089-4411-B851-2F5B5861F935}.Release|x64.Build.0 = Release|x64
		{BE1D1CAE-4089-4411-B851-2F5B5861F935}.Release|x86.ActiveCfg = Release|Win32
		{BE1D1CAE-4089-4411-B851-2F5B5861F935}.Release|x86.Build.0 = Release|Win32
	EndGlobalSection
	GlobalSection(SolutionProperties) = preSolution
		HideSolutionNode = FALSE
	EndGlobalSection
	GlobalSection(ExtensibilityGlobals) = postSolution
		SolutionGuid = {4F6B5891-DB5C-4FD1-9E5C-B0380999746C}
	EndGlobalSection
EndGlobal
